
Microsoft Visual Studio Solution File, Format Version 12.00
# Visual Studio Version 17
VisualStudioVersion = 17.1.32328.378
MinimumVisualStudioVersion = 10.0.40219.1
Project("{9A19103F-16F7-4668-BE54-9A1E7A4F7556}") = "BankSimulator", "BankSimulator.csproj", "{C0C28A3A-2782-4418-8C10-D2C14B48B05A}"
EndProject
Project("{FAE04EC0-301F-11D3-BF4B-00C04F79EFBC}") = "BankSimulator.Test", "..\BankSimulator.Test\BankSimulator.Test.csproj", "{47F89FE8-C83B-4723-819D-888862ACE884}"
EndProject
Global
	GlobalSection(SolutionConfigurationPlatforms) = preSolution
		Debug|Any CPU = Debug|Any CPU
		Release|Any CPU = Release|Any CPU
	EndGlobalSection
	GlobalSection(ProjectConfigurationPlatforms) = postSolution
		{C0C28A3A-2782-4418-8C10-D2C14B48B05A}.Debug|Any CPU.ActiveCfg = Debug|Any CPU
		{C0C28A3A-2782-4418-8C10-D2C14B48B05A}.Debug|Any CPU.Build.0 = Debug|Any CPU
		{C0C28A3A-2782-4418-8C10-D2C14B48B05A}.Release|Any CPU.ActiveCfg = Release|Any CPU
		{C0C28A3A-2782-4418-8C10-D2C14B48B05A}.Release|Any CPU.Build.0 = Release|Any CPU
		{47F89FE8-C83B-4723-819D-888862ACE884}.Debug|Any CPU.ActiveCfg = Debug|Any CPU
		{47F89FE8-C83B-4723-819D-888862ACE884}.Debug|Any CPU.Build.0 = Debug|Any CPU
		{47F89FE8-C83B-4723-819D-888862ACE884}.Release|Any CPU.ActiveCfg = Release|Any CPU
		{47F89FE8-C83B-4723-819D-888862ACE884}.Release|Any CPU.Build.0 = Release|Any CPU
	EndGlobalSection
	GlobalSection(SolutionProperties) = preSolution
		HideSolutionNode = FALSE
	EndGlobalSection
	GlobalSection(ExtensibilityGlobals) = postSolution
		SolutionGuid = {782D9F20-096D-4840-8F1A-8DD2B3A5DAFA}
	EndGlobalSection
EndGlobal
